
Microsoft Visual Studio Solution File, Format Version 12.00
# Visual Studio Version 17
VisualStudioVersion = 17.4.33213.308
MinimumVisualStudioVersion = 10.0.40219.1
Project("{FAE04EC0-301F-11D3-BF4B-00C04F79EFBC}") = "Hopfield Network", "Hopfield Networkl\Hopfield Network.csproj", "{376F4881-474D-47D2-9E75-FBB7F7D4A5F6}"
EndProject
Global
	GlobalSection(SolutionConfigurationPlatforms) = preSolution
		Debug|Any CPU = Debug|Any CPU
		Release|Any CPU = Release|Any CPU
	EndGlobalSection
	GlobalSection(ProjectConfigurationPlatforms) = postSolution
		{376F4881-474D-47D2-9E75-FBB7F7D4A5F6}.Debug|Any CPU.ActiveCfg = Debug|Any CPU
		{376F4881-474D-47D2-9E75-FBB7F7D4A5F6}.Debug|Any CPU.Build.0 = Debug|Any CPU
		{376F4881-474D-47D2-9E75-FBB7F7D4A5F6}.Release|Any CPU.ActiveCfg = Release|Any CPU
		{376F4881-474D-47D2-9E75-FBB7F7D4A5F6}.Release|Any CPU.Build.0 = Release|Any CPU
	EndGlobalSection
	GlobalSection(SolutionProperties) = preSolution
		HideSolutionNode = FALSE
	EndGlobalSection
	GlobalSection(ExtensibilityGlobals) = postSolution
		SolutionGuid = {547B57D1-984D-40DC-99BE-3821B497D039}
	EndGlobalSection
EndGlobal
